{
  "requires": true,
  "lockfileVersion": 1,
  "dependencies": {
    "dayjs": {
      "version": "1.9.1",
      "resolved": "https://registry.npmjs.org/dayjs/-/dayjs-1.9.1.tgz",
      "integrity": "sha512-01NCTBg8cuMJG1OQc6PR7T66+AFYiPwgDvdJmvJBn29NGzIG+DIFxPLNjHzwz3cpFIvG+NcwIjP9hSaPVoOaDg=="
    }
  }
}
